
Microsoft Visual Studio Solution File, Format Version 12.00
# Visual Studio 2012
Project("{FAE04EC0-301F-11D3-BF4B-00C04F79EFBC}") = "Quest for a Kingdom", "Quest for a Kingdom\Quest for a Kingdom.csproj", "{8977B734-8086-49D0-8D20-D660F9B1F91D}"
EndProject
Global
	GlobalSection(SolutionConfigurationPlatforms) = preSolution
		Debug|Any CPU = Debug|Any CPU
		Release|Any CPU = Release|Any CPU
	EndGlobalSection
	GlobalSection(ProjectConfigurationPlatforms) = postSolution
		{8977B734-8086-49D0-8D20-D660F9B1F91D}.Debug|Any CPU.ActiveCfg = Debug|Any CPU
		{8977B734-8086-49D0-8D20-D660F9B1F91D}.Debug|Any CPU.Build.0 = Debug|Any CPU
		{8977B734-8086-49D0-8D20-D660F9B1F91D}.Release|Any CPU.ActiveCfg = Release|Any CPU
		{8977B734-8086-49D0-8D20-D660F9B1F91D}.Release|Any CPU.Build.0 = Release|Any CPU
	EndGlobalSection
	GlobalSection(SolutionProperties) = preSolution
		HideSolutionNode = FALSE
	EndGlobalSection
EndGlobal
